
Microsoft Visual Studio Solution File, Format Version 12.00
# Visual Studio Version 16
VisualStudioVersion = 16.0.30717.126
MinimumVisualStudioVersion = 10.0.40219.1
Project("{FAE04EC0-301F-11D3-BF4B-00C04F79EFBC}") = "02.12.2020 Task1", "02.12.2020 Task1\02.12.2020 Task1.csproj", "{C154276E-FF12-464A-BE32-70B4EE5D142C}"
EndProject
Global
	GlobalSection(SolutionConfigurationPlatforms) = preSolution
		Debug|Any CPU = Debug|Any CPU
		Release|Any CPU = Release|Any CPU
	EndGlobalSection
	GlobalSection(ProjectConfigurationPlatforms) = postSolution
		{C154276E-FF12-464A-BE32-70B4EE5D142C}.Debug|Any CPU.ActiveCfg = Debug|Any CPU
		{C154276E-FF12-464A-BE32-70B4EE5D142C}.Debug|Any CPU.Build.0 = Debug|Any CPU
		{C154276E-FF12-464A-BE32-70B4EE5D142C}.Release|Any CPU.ActiveCfg = Release|Any CPU
		{C154276E-FF12-464A-BE32-70B4EE5D142C}.Release|Any CPU.Build.0 = Release|Any CPU
	EndGlobalSection
	GlobalSection(SolutionProperties) = preSolution
		HideSolutionNode = FALSE
	EndGlobalSection
	GlobalSection(ExtensibilityGlobals) = postSolution
		SolutionGuid = {28CEFFB3-4742-4176-96B1-3BDF99AE8640}
	EndGlobalSection
EndGlobal
